
Microsoft Visual Studio Solution File, Format Version 12.00
# Visual Studio Version 17
VisualStudioVersion = 17.4.33122.133
MinimumVisualStudioVersion = 10.0.40219.1
Project("{9A19103F-16F7-4668-BE54-9A1E7A4F7556}") = "collegePractice", "collegePractice\collegePractice.csproj", "{A41F4AFF-2D43-43F8-82E1-0AC3C53A8893}"
EndProject
Global
	GlobalSection(SolutionConfigurationPlatforms) = preSolution
		Debug|Any CPU = Debug|Any CPU
		Release|Any CPU = Release|Any CPU
	EndGlobalSection
	GlobalSection(ProjectConfigurationPlatforms) = postSolution
		{A41F4AFF-2D43-43F8-82E1-0AC3C53A8893}.Debug|Any CPU.ActiveCfg = Debug|Any CPU
		{A41F4AFF-2D43-43F8-82E1-0AC3C53A8893}.Debug|Any CPU.Build.0 = Debug|Any CPU
		{A41F4AFF-2D43-43F8-82E1-0AC3C53A8893}.Release|Any CPU.ActiveCfg = Release|Any CPU
		{A41F4AFF-2D43-43F8-82E1-0AC3C53A8893}.Release|Any CPU.Build.0 = Release|Any CPU
	EndGlobalSection
	GlobalSection(SolutionProperties) = preSolution
		HideSolutionNode = FALSE
	EndGlobalSection
	GlobalSection(ExtensibilityGlobals) = postSolution
		SolutionGuid = {A16362FD-CEDD-4137-AE1F-E5E0CD1D8598}
	EndGlobalSection
EndGlobal
